
Microsoft Visual Studio Solution File, Format Version 12.00
# Visual Studio 14
VisualStudioVersion = 14.0.25420.1
MinimumVisualStudioVersion = 10.0.40219.1
Project("{2150E333-8FDC-42A3-9474-1A3956D46DE8}") = "src", "src", "{B412198F-9328-4FDE-A01A-3F25D98FC49F}"
EndProject
Project("{2150E333-8FDC-42A3-9474-1A3956D46DE8}") = "Solution Items", "Solution Items", "{7A345694-DA33-48D0-9903-1CD990FDC1E8}"
	ProjectSection(SolutionItems) = preProject
		global.json = global.json
	EndProjectSection
EndProject
Project("{8BB2217D-0F2D-49D1-97BC-3654ED321F3B}") = "SonOfCod", "src\SonOfCod\SonOfCod.xproj", "{95F1DB3D-AD56-442C-A36E-0D0B50D6488E}"
EndProject
Global
	GlobalSection(SolutionConfigurationPlatforms) = preSolution
		Debug|Any CPU = Debug|Any CPU
		Release|Any CPU = Release|Any CPU
	EndGlobalSection
	GlobalSection(ProjectConfigurationPlatforms) = postSolution
		{95F1DB3D-AD56-442C-A36E-0D0B50D6488E}.Debug|Any CPU.ActiveCfg = Debug|Any CPU
		{95F1DB3D-AD56-442C-A36E-0D0B50D6488E}.Debug|Any CPU.Build.0 = Debug|Any CPU
		{95F1DB3D-AD56-442C-A36E-0D0B50D6488E}.Release|Any CPU.ActiveCfg = Release|Any CPU
		{95F1DB3D-AD56-442C-A36E-0D0B50D6488E}.Release|Any CPU.Build.0 = Release|Any CPU
	EndGlobalSection
	GlobalSection(SolutionProperties) = preSolution
		HideSolutionNode = FALSE
	EndGlobalSection
	GlobalSection(NestedProjects) = preSolution
		{95F1DB3D-AD56-442C-A36E-0D0B50D6488E} = {B412198F-9328-4FDE-A01A-3F25D98FC49F}
	EndGlobalSection
EndGlobal
